
Microsoft Visual Studio Solution File, Format Version 12.00
# Visual Studio Version 17
VisualStudioVersion = 17.10.35122.118
MinimumVisualStudioVersion = 10.0.40219.1
Project("{9A19103F-16F7-4668-BE54-9A1E7A4F7556}") = "Nativo", "Nativo\Nativo.csproj", "{23B05F97-9C08-4FEA-BDD4-6D88EA40BCFA}"
	ProjectSection(ProjectDependencies) = postProject
		{5EADC4A3-368D-4B97-BC15-936CB1BFD241} = {5EADC4A3-368D-4B97-BC15-936CB1BFD241}
	EndProjectSection
EndProject
Project("{8BC9CEB8-8B4A-11D0-8D11-00A0C91BC942}") = "NativeApplicationCPP", "NativeApplicationCPP\NativeApplicationCPP.vcxproj", "{1C39DBF6-B0E9-4052-B31C-920B28F56E5D}"
	ProjectSection(ProjectDependencies) = postProject
		{5EADC4A3-368D-4B97-BC15-936CB1BFD241} = {5EADC4A3-368D-4B97-BC15-936CB1BFD241}
	EndProjectSection
EndProject
Project("{9A19103F-16F7-4668-BE54-9A1E7A4F7556}") = "NativeApplication", "NativeApplication\NativeApplication.csproj", "{5EADC4A3-368D-4B97-BC15-936CB1BFD241}"
EndProject
Project("{2150E333-8FDC-42A3-9474-1A3956D46DE8}") = "Solution Items", "Solution Items", "{1B565717-21AD-4102-BAF7-6C8B0BD228BB}"
	ProjectSection(SolutionItems) = preProject
		.gitattributes = .gitattributes
		.gitignore = .gitignore
		LICENSE.txt = LICENSE.txt
		README.md = README.md
	EndProjectSection
EndProject
Global
	GlobalSection(SolutionConfigurationPlatforms) = preSolution
		Debug|Any CPU = Debug|Any CPU
		Debug|x64 = Debug|x64
		Debug|x86 = Debug|x86
		Release|Any CPU = Release|Any CPU
		Release|x64 = Release|x64
		Release|x86 = Release|x86
	EndGlobalSection
	GlobalSection(ProjectConfigurationPlatforms) = postSolution
		{23B05F97-9C08-4FEA-BDD4-6D88EA40BCFA}.Debug|Any CPU.ActiveCfg = Debug|Any CPU
		{23B05F97-9C08-4FEA-BDD4-6D88EA40BCFA}.Debug|Any CPU.Build.0 = Debug|Any CPU
		{23B05F97-9C08-4FEA-BDD4-6D88EA40BCFA}.Debug|x64.ActiveCfg = Debug|Any CPU
		{23B05F97-9C08-4FEA-BDD4-6D88EA40BCFA}.Debug|x64.Build.0 = Debug|Any CPU
		{23B05F97-9C08-4FEA-BDD4-6D88EA40BCFA}.Debug|x86.ActiveCfg = Debug|Any CPU
		{23B05F97-9C08-4FEA-BDD4-6D88EA40BCFA}.Debug|x86.Build.0 = Debug|Any CPU
		{23B05F97-9C08-4FEA-BDD4-6D88EA40BCFA}.Release|Any CPU.ActiveCfg = Release|Any CPU
		{23B05F97-9C08-4FEA-BDD4-6D88EA40BCFA}.Release|Any CPU.Build.0 = Release|Any CPU
		{23B05F97-9C08-4FEA-BDD4-6D88EA40BCFA}.Release|x64.ActiveCfg = Release|Any CPU
		{23B05F97-9C08-4FEA-BDD4-6D88EA40BCFA}.Release|x64.Build.0 = Release|Any CPU
		{23B05F97-9C08-4FEA-BDD4-6D88EA40BCFA}.Release|x86.ActiveCfg = Release|Any CPU
		{23B05F97-9C08-4FEA-BDD4-6D88EA40BCFA}.Release|x86.Build.0 = Release|Any CPU
		{1C39DBF6-B0E9-4052-B31C-920B28F56E5D}.Debug|Any CPU.ActiveCfg = Debug|x64
		{1C39DBF6-B0E9-4052-B31C-920B28F56E5D}.Debug|Any CPU.Build.0 = Debug|x64
		{1C39DBF6-B0E9-4052-B31C-920B28F56E5D}.Debug|x64.ActiveCfg = Debug|x64
		{1C39DBF6-B0E9-4052-B31C-920B28F56E5D}.Debug|x64.Build.0 = Debug|x64
		{1C39DBF6-B0E9-4052-B31C-920B28F56E5D}.Debug|x86.ActiveCfg = Debug|Win32
		{1C39DBF6-B0E9-4052-B31C-920B28F56E5D}.Debug|x86.Build.0 = Debug|Win32
		{1C39DBF6-B0E9-4052-B31C-920B28F56E5D}.Release|Any CPU.ActiveCfg = Release|x64
		{1C39DBF6-B0E9-4052-B31C-920B28F56E5D}.Release|Any CPU.Build.0 = Release|x64
		{1C39DBF6-B0E9-4052-B31C-920B28F56E5D}.Release|x64.ActiveCfg = Release|x64
		{1C39DBF6-B0E9-4052-B31C-920B28F56E5D}.Release|x64.Build.0 = Release|x64
		{1C39DBF6-B0E9-4052-B31C-920B28F56E5D}.Release|x86.ActiveCfg = Release|Win32
		{1C39DBF6-B0E9-4052-B31C-920B28F56E5D}.Release|x86.Build.0 = Release|Win32
		{5EADC4A3-368D-4B97-BC15-936CB1BFD241}.Debug|Any CPU.ActiveCfg = Debug|Any CPU
		{5EADC4A3-368D-4B97-BC15-936CB1BFD241}.Debug|Any CPU.Build.0 = Debug|Any CPU
		{5EADC4A3-368D-4B97-BC15-936CB1BFD241}.Debug|x64.ActiveCfg = Debug|Any CPU
		{5EADC4A3-368D-4B97-BC15-936CB1BFD241}.Debug|x64.Build.0 = Debug|Any CPU
		{5EADC4A3-368D-4B97-BC15-936CB1BFD241}.Debug|x86.ActiveCfg = Debug|Any CPU
		{5EADC4A3-368D-4B97-BC15-936CB1BFD241}.Debug|x86.Build.0 = Debug|Any CPU
		{5EADC4A3-368D-4B97-BC15-936CB1BFD241}.Release|Any CPU.ActiveCfg = Release|Any CPU
		{5EADC4A3-368D-4B97-BC15-936CB1BFD241}.Release|Any CPU.Build.0 = Release|Any CPU
		{5EADC4A3-368D-4B97-BC15-936CB1BFD241}.Release|x64.ActiveCfg = Release|Any CPU
		{5EADC4A3-368D-4B97-BC15-936CB1BFD241}.Release|x64.Build.0 = Release|Any CPU
		{5EADC4A3-368D-4B97-BC15-936CB1BFD241}.Release|x86.ActiveCfg = Release|Any CPU
		{5EADC4A3-368D-4B97-BC15-936CB1BFD241}.Release|x86.Build.0 = Release|Any CPU
	EndGlobalSection
	GlobalSection(SolutionProperties) = preSolution
		HideSolutionNode = FALSE
	EndGlobalSection
	GlobalSection(ExtensibilityGlobals) = postSolution
		SolutionGuid = {B656D20A-1969-47D0-924A-03ACE9733225}
	EndGlobalSection
EndGlobal
