<?xml version="1.0" encoding="utf-8"?>
<Project ToolsVersion="4.0" xmlns="http://schemas.microsoft.com/developer/msbuild/2003">
  <ItemGroup>
    <ClCompile Include="..\NativeApplication\bin\Debug\net8.0\NativeApplication.cpp" />
  </ItemGroup>
  <ItemGroup>
    <ClInclude Include="..\nativeapplication\bin\debug\net8.0\nativeapplication.hpp" />
  </ItemGroup>
</Project>